{
    "_meta": {
        "hash": {
            "sha256": "9aec0a672506c38fc359159d26bdaad38a0920f34aaea73a56ad67e0266983a4"
        },
        "pipfile-spec": 6,
        "requires": {
            "python_version": "3.10"
        },
        "sources": [
            {
                "name": "pypi",
                "url": "https://pypi.org/simple",
                "verify_ssl": true
            }
        ]
    },
    "default": {
        "annotated-types": {
            "hashes": [
                "sha256:1f02e8b43a8fbbc3f3e0d4f0f4bfc8131bcb4eebe8849b8e5c773f3a1c582a53",
                "sha256:aff07c09a53a08bc8cfccb9c85b05f1aa9a2a6f23728d790723543408344ce89"
            ],
            "markers": "python_version >= '3.8'",
            "version": "==0.7.0"
        },
        "anyio": {
            "hashes": [
                "sha256:3f3fae35c96039744587aa5b8371e7e8e603c0702999535961dd336026973ba6",
                "sha256:60e474ac86736bbfd6f210f7a61218939c318f43f9972497381f1c5e930ed3d1"
            ],
            "markers": "python_version >= '3.9'",
            "version": "==4.10.0"
        },
        "beanie": {
            "hashes": [
                "sha256:33ead17ff2742144c510b4b24e188f6b316dd1b614d86b57a3cfe20bc7b768c9",
                "sha256:385f1b850b36a19dd221aeb83e838c83ec6b47bbf6aeac4e5bf8b8d40bfcfe51"
            ],
            "index": "pypi",
            "markers": "python_version >= '3.9' and python_version < '4.0'",
            "version": "==1.30.0"
        },
        "click": {
            "hashes": [
                "sha256:27c491cc05d968d271d5a1db13e3b5a184636d9d930f148c50b038f0d0646202",
                "sha256:61a3265b914e850b85317d0b3109c7f8cd35a670f963866005d6ef1d5175a12b"
            ],
            "markers": "python_version >= '3.10'",
            "version": "==8.2.1"
        },
        "dnspython": {
            "hashes": [
                "sha256:b4c34b7d10b51bcc3a5071e7b8dee77939f1e878477eeecc965e9835f63c6c86",
                "sha256:ce9c432eda0dc91cf618a5cedf1a4e142651196bbcd2c80e89ed5a907e5cfaf1"
            ],
            "markers": "python_version >= '3.9'",
            "version": "==2.7.0"
        },
        "exceptiongroup": {
            "hashes": [
                "sha256:4d111e6e0c13d0644cad6ddaa7ed0261a0b36971f6d23e7ec9b4b9097da78a10",
                "sha256:b241f5885f560bc56a59ee63ca4c6a8bfa46ae4ad651af316d4e81817bb9fd88"
            ],
            "index": "pypi",
            "markers": "python_version >= '3.7'",
            "version": "==1.3.0"
        },
        "fastapi": {
            "hashes": [
                "sha256:c46ac7c312df840f0c9e220f7964bada936781bc4e2e6eb71f1c4d7553786565",
                "sha256:ed52cbf946abfd70c5a0dccb24673f0670deeb517a88b3544d03c2a6bf283143"
            ],
            "index": "pypi",
            "markers": "python_version >= '3.8'",
            "version": "==0.116.1"
        },
        "h11": {
            "hashes": [
                "sha256:4e35b956cf45792e4caa5885e69fba00bdbc6ffafbfa020300e549b208ee5ff1",
                "sha256:63cf8bbe7522de3bf65932fda1d9c2772064ffb3dae62d55932da54b31cb6c86"
            ],
            "markers": "python_version >= '3.8'",
            "version": "==0.16.0"
        },
        "idna": {
            "hashes": [
                "sha256:12f65c9b470abda6dc35cf8e63cc574b1c52b11df2c86030af0ac09b01b13ea9",
                "sha256:946d195a0d259cbba61165e88e65941f16e9b36ea6ddb97f00452bae8b1287d3"
            ],
            "markers": "python_version >= '3.6'",
            "version": "==3.10"
        },
        "iniconfig": {
            "hashes": [
                "sha256:3abbd2e30b36733fee78f9c7f7308f2d0050e88f0087fd25c2645f63c773e1c7",
                "sha256:9deba5723312380e77435581c6bf4935c94cbfab9b1ed33ef8d238ea168eb760"
            ],
            "markers": "python_version >= '3.8'",
            "version": "==2.1.0"
        },
        "lazy-model": {
            "hashes": [
                "sha256:57c0e91e171530c4fca7aebc3ac05a163a85cddd941bf7527cc46c0ddafca47c",
                "sha256:5a3241775c253e36d9069d236be8378288a93d4fc53805211fd152e04cc9c342"
            ],
            "markers": "python_version >= '3.7' and python_version < '4.0'",
            "version": "==0.2.0"
        },
        "motor": {
            "hashes": [
                "sha256:32bb0680f5ac3e245dcc98d41d009f3be5d45c1e4a1b2d17951d9f63c8f41ea0",
                "sha256:f18b90089acf914e21485d002c116f27a2215c85174b3bd3e2221d633e8cf7ab"
            ],
            "index": "pypi",
            "markers": "python_version >= '3.7'",
            "version": "==3.3.0"
        },
        "packaging": {
            "hashes": [
                "sha256:29572ef2b1f17581046b3a2227d5c611fb25ec70ca1ba8554b24b0e69331a484",
                "sha256:d443872c98d677bf60f6a1f2f8c1cb748e8fe762d2bf9d3148b5599295b0fc4f"
            ],
            "markers": "python_version >= '3.8'",
            "version": "==25.0"
        },
        "pluggy": {
            "hashes": [
                "sha256:7dcc130b76258d33b90f61b658791dede3486c3e6bfb003ee5c9bfb396dd22f3",
                "sha256:e920276dd6813095e9377c0bc5566d94c932c33b27a3e3945d8389c374dd4746"
            ],
            "markers": "python_version >= '3.9'",
            "version": "==1.6.0"
        },
        "pydantic": {
            "hashes": [
                "sha256:d989c3c6cb79469287b1569f7447a17848c998458d49ebe294e975b9baf0f0db",
                "sha256:dde5df002701f6de26248661f6835bbe296a47bf73990135c7d07ce741b9623b"
            ],
            "index": "pypi",
            "markers": "python_version >= '3.9'",
            "version": "==2.11.7"
        },
        "pydantic-core": {
            "hashes": [
                "sha256:0069c9acc3f3981b9ff4cdfaf088e98d83440a4c7ea1bc07460af3d4dc22e72d",
                "sha256:031c57d67ca86902726e0fae2214ce6770bbe2f710dc33063187a68744a5ecac",
                "sha256:0405262705a123b7ce9f0b92f123334d67b70fd1f20a9372b907ce1080c7ba02",
                "sha256:04a1a413977ab517154eebb2d326da71638271477d6ad87a769102f7c2488c56",
                "sha256:09fb9dd6571aacd023fe6aaca316bd01cf60ab27240d7eb39ebd66a3a15293b4",
                "sha256:0a39979dcbb70998b0e505fb1556a1d550a0781463ce84ebf915ba293ccb7e22",
                "sha256:0a9f2c9dd19656823cb8250b0724ee9c60a82f3cdf68a080979d13092a3b0fef",
                "sha256:0e03262ab796d986f978f79c943fc5f620381be7287148b8010b4097f79a39ec",
                "sha256:0e5b2671f05ba48b94cb90ce55d8bdcaaedb8ba00cc5359f6810fc918713983d",
                "sha256:0e6116757f7959a712db11f3e9c0a99ade00a5bbedae83cb801985aa154f071b",
                "sha256:0fb2d542b4d66f9470e8065c5469ec676978d625a8b7a363f07d9a501a9cb36a",
                "sha256:1082dd3e2d7109ad8b7da48e1d4710c8d06c253cbc4a27c1cff4fbcaa97a9e3f",
                "sha256:1a8695a8d00c73e50bff9dfda4d540b7dee29ff9b8053e38380426a85ef10052",
                "sha256:1e063337ef9e9820c77acc768546325ebe04ee38b08703244c1309cccc4f1bab",
                "sha256:1ea40a64d23faa25e62a70ad163571c0b342b8bf66d5fa612ac0dec4f069d916",
                "sha256:2058a32994f1fde4ca0480ab9d1e75a0e8c87c22b53a3ae66554f9af78f2fe8c",
                "sha256:235f45e5dbcccf6bd99f9f472858849f73d11120d76ea8707115415f8e5ebebf",
                "sha256:2807668ba86cb38c6817ad9bc66215ab8584d1d304030ce4f0887336f28a5e27",
                "sha256:2b0a451c263b01acebe51895bfb0e1cc842a5c666efe06cdf13846c7418caa9a",
                "sha256:2b3d326aaef0c0399d9afffeb6367d5e26ddc24d351dbc9c636840ac355dc5d8",
                "sha256:2bfb5112df54209d820d7bf9317c7a6c9025ea52e49f46b6a2060104bba37de7",
                "sha256:2f82865531efd18d6e07a04a17331af02cb7a651583c418df8266f17a63c6612",
                "sha256:329467cecfb529c925cf2bbd4d60d2c509bc2fb52a20c1045bf09bb70971a9c1",
                "sha256:3a1c81334778f9e3af2f8aeb7a960736e5cab1dfebfb26aabca09afd2906c039",
                "sha256:3abcd9392a36025e3bd55f9bd38d908bd17962cc49bc6da8e7e96285336e2bca",
                "sha256:3c6db6e52c6d70aa0d00d45cdb9b40f0433b96380071ea80b09277dba021ddf7",
                "sha256:3dc625f4aa79713512d1976fe9f0bc99f706a9dee21dfd1810b4bbbf228d0e8a",
                "sha256:3eb3fe62804e8f859c49ed20a8451342de53ed764150cb14ca71357c765dc2a6",
                "sha256:44857c3227d3fb5e753d5fe4a3420d6376fa594b07b621e220cd93703fe21782",
                "sha256:4b25d91e288e2c4e0662b8038a28c6a07eaac3e196cfc4ff69de4ea3db992a1b",
                "sha256:4c5b0a576fb381edd6d27f0a85915c6daf2f8138dc5c267a57c08a62900758c7",
                "sha256:4e61206137cbc65e6d5256e1166f88331d3b6238e082d9f74613b9b765fb9025",
                "sha256:52fb90784e0a242bb96ec53f42196a17278855b0f31ac7c3cc6f5c1ec4811849",
                "sha256:53a57d2ed685940a504248187d5685e49eb5eef0f696853647bf37c418c538f7",
                "sha256:572c7e6c8bb4774d2ac88929e3d1f12bc45714ae5ee6d9a788a9fb35e60bb04b",
                "sha256:5c4aa4e82353f65e548c476b37e64189783aa5384903bfea4f41580f255fddfa",
                "sha256:5c92edd15cd58b3c2d34873597a1e20f13094f59cf88068adb18947df5455b4e",
                "sha256:5f483cfb75ff703095c59e365360cb73e00185e01aaea067cd19acffd2ab20ea",
                "sha256:61c18fba8e5e9db3ab908620af374db0ac1baa69f0f32df4f61ae23f15e586ac",
                "sha256:6368900c2d3ef09b69cb0b913f9f8263b03786e5b2a387706c5afb66800efd51",
                "sha256:64632ff9d614e5eecfb495796ad51b0ed98c453e447a76bcbeeb69615079fc7e",
                "sha256:65132b7b4a1c0beded5e057324b7e16e10910c106d43675d9bd87d4f38dde162",
                "sha256:6b99022f1d19bc32a4c2a0d544fc9a76e3be90f0b3f4af413f87d38749300e65",
                "sha256:6bdfe4b3789761f3bcb4b1ddf33355a71079858958e3a552f16d5af19768fef2",
                "sha256:6fa6dfc3e4d1f734a34710f391ae822e0a8eb8559a85c6979e14e65ee6ba2954",
                "sha256:73662edf539e72a9440129f231ed3757faab89630d291b784ca99237fb94db2b",
                "sha256:73cf6373c21bc80b2e0dc88444f41ae60b2f070ed02095754eb5a01df12256de",
                "sha256:7cb8bc3605c29176e1b105350d2e6474142d7c1bd1d9327c4a9bdb46bf827acc",
                "sha256:7f92c15cd1e97d4b12acd1cc9004fa092578acfa57b67ad5e43a197175d01a64",
                "sha256:82f68293f055f51b51ea42fafc74b6aad03e70e191799430b90c13d643059ebb",
                "sha256:83aa99b1285bc8f038941ddf598501a86f1536789740991d7d8756e34f1e74d9",
                "sha256:87acbfcf8e90ca885206e98359d7dca4bcbb35abdc0ff66672a293e1d7a19101",
                "sha256:87b31b6846e361ef83fedb187bb5b4372d0da3f7e28d85415efa92d6125d6e6d",
                "sha256:881b21b5549499972441da4758d662aeea93f1923f953e9cbaff14b8b9565aef",
                "sha256:8d55ab81c57b8ff8548c3e4947f119551253f4e3787a7bbc0b6b3ca47498a9d3",
                "sha256:8f57a69461af2a5fa6e6bbd7a5f60d3b7e6cebb687f55106933188e79ad155c1",
                "sha256:95237e53bb015f67b63c91af7518a62a8660376a6a0db19b89acc77a4d6199f5",
                "sha256:96081f1605125ba0855dfda83f6f3df5ec90c61195421ba72223de35ccfb2f88",
                "sha256:970919794d126ba8645f3837ab6046fb4e72bbc057b3709144066204c19a455d",
                "sha256:9cb1da0f5a471435a7bc7e439b8a728e8b61e59784b2af70d7c169f8dd8ae290",
                "sha256:9fcd347d2cc5c23b06de6d3b7b8275be558a0c90549495c699e379a80bf8379e",
                "sha256:9fdac5d6ffa1b5a83bca06ffe7583f5576555e6c8b3a91fbd25ea7780f825f7d",
                "sha256:a11c8d26a50bfab49002947d3d237abe4d9e4b5bdc8846a63537b6488e197808",
                "sha256:a144d4f717285c6d9234a66778059f33a89096dfb9b39117663fd8413d582dcc",
                "sha256:a2b911a5b90e0374d03813674bf0a5fbbb7741570dcd4b4e85a2e48d17def29d",
                "sha256:a7ec89dc587667f22b6a0b6579c249fca9026ce7c333fc142ba42411fa243cdc",
                "sha256:aa9d91b338f2df0508606f7009fde642391425189bba6d8c653afd80fd6bb64e",
                "sha256:b0379a2b24882fef529ec3b4987cb5d003b9cda32256024e6fe1586ac45fc640",
                "sha256:bc7aee6f634a6f4a95676fcb5d6559a2c2a390330098dba5e5a5f28a2e4ada30",
                "sha256:bdc25f3681f7b78572699569514036afe3c243bc3059d3942624e936ec93450e",
                "sha256:c083a3bdd5a93dfe480f1125926afcdbf2917ae714bdb80b36d34318b2bec5d9",
                "sha256:c20c462aa4434b33a2661701b861604913f912254e441ab8d78d30485736115a",
                "sha256:c2fc0a768ef76c15ab9238afa6da7f69895bb5d1ee83aeea2e3509af4472d0b9",
                "sha256:c52b02ad8b4e2cf14ca7b3d918f3eb0ee91e63b3167c32591e57c4317e134f8f",
                "sha256:c54c939ee22dc8e2d545da79fc5381f1c020d6d3141d3bd747eab59164dc89fb",
                "sha256:c8e7af2f4e0194c22b5b37205bfb293d166a7344a5b0d0eaccebc376546d77d5",
                "sha256:cca3868ddfaccfbc4bfb1d608e2ccaaebe0ae628e1416aeb9c4d88c001bb45ab",
                "sha256:d3f26877a748dc4251cfcfda9dfb5f13fcb034f5308388066bcfe9031b63ae7d",
                "sha256:d53b22f2032c42eaaf025f7c40c2e3b94568ae077a606f006d206a463bc69572",
                "sha256:d87c561733f66531dced0da6e864f44ebf89a8fba55f31407b00c2f7f9449593",
                "sha256:d946c8bf0d5c24bf4fe333af284c59a19358aa3ec18cb3dc4370080da1e8ad29",
                "sha256:dac89aea9af8cd672fa7b510e7b8c33b0bba9a43186680550ccf23020f32d535",
                "sha256:db4b41f9bd95fbe5acd76d89920336ba96f03e149097365afe1cb092fceb89a1",
                "sha256:dc46a01bf8d62f227d5ecee74178ffc448ff4e5197c756331f71efcc66dc980f",
                "sha256:dd14041875d09cc0f9308e37a6f8b65f5585cf2598a53aa0123df8b129d481f8",
                "sha256:de4b83bb311557e439b9e186f733f6c645b9417c84e2eb8203f3f820a4b988bf",
                "sha256:e799c050df38a639db758c617ec771fd8fb7a5f8eaaa4b27b101f266b216a246",
                "sha256:e80b087132752f6b3d714f041ccf74403799d3b23a72722ea2e6ba2e892555b9",
                "sha256:eb8c529b2819c37140eb51b914153063d27ed88e3bdc31b71198a198e921e011",
                "sha256:eb9b459ca4df0e5c87deb59d37377461a538852765293f9e6ee834f0435a93b9",
                "sha256:efec8db3266b76ef9607c2c4c419bdb06bf335ae433b80816089ea7585816f6a",
                "sha256:f481959862f57f29601ccced557cc2e817bce7533ab8e01a797a48b49c9692b3",
                "sha256:f517ca031dfc037a9c07e748cefd8d96235088b83b4f4ba8939105d20fa1dcd6",
                "sha256:f889f7a40498cc077332c7ab6b4608d296d852182211787d4f3ee377aaae66e8",
                "sha256:f8de619080e944347f5f20de29a975c2d815d9ddd8be9b9b7268e2e3ef68605a",
                "sha256:f941635f2a3d96b2973e867144fde513665c87f13fe0e193c158ac51bfaaa7b2",
                "sha256:fa754d1850735a0b0e03bcffd9d4b4343eb417e47196e4485d9cca326073a42c",
                "sha256:fa854f5cf7e33842a892e5c73f45327760bc7bc516339fda888c75ae60edaeb6",
                "sha256:fe5b32187cbc0c862ee201ad66c30cf218e5ed468ec8dc1cf49dec66e160cc4d"
            ],
            "markers": "python_version >= '3.9'",
            "version": "==2.33.2"
        },
        "pygments": {
            "hashes": [
                "sha256:636cb2477cec7f8952536970bc533bc43743542f70392ae026374600add5b887",
                "sha256:86540386c03d588bb81d44bc3928634ff26449851e99741617ecb9037ee5ec0b"
            ],
            "markers": "python_version >= '3.8'",
            "version": "==2.19.2"
        },
        "pymongo": {
            "hashes": [
                "sha256:014e7049dd019a6663747ca7dae328943e14f7261f7c1381045dfc26a04fa330",
                "sha256:055f5c266e2767a88bb585d01137d9c7f778b0195d3dbf4a487ef0638be9b651",
                "sha256:05c30fd35cc97f14f354916b45feea535d59060ef867446b5c3c7f9b609dd5dc",
                "sha256:0634994b026336195778e5693583c060418d4ab453eff21530422690a97e1ee8",
                "sha256:09c7de516b08c57647176b9fc21d929d628e35bcebc7422220c89ae40b62126a",
                "sha256:107a234dc55affc5802acb3b6d83cbb8c87355b38a9457fcd8806bdeb8bce161",
                "sha256:10a379fb60f1b2406ae57b8899bacfe20567918c8e9d2d545e1b93628fcf2050",
                "sha256:128b1485753106c54af481789cdfea12b90a228afca0b11fb3828309a907e10e",
                "sha256:1394c4737b325166a65ae7c145af1ebdb9fb153ebedd37cf91d676313e4a67b8",
                "sha256:1c63e3a2e8fb815c4b1f738c284a4579897e37c3cfd95fdb199229a1ccfb638a",
                "sha256:1e4ed21029d80c4f62605ab16398fe1ce093fff4b5f22d114055e7d9fbc4adb0",
                "sha256:1ec71ac633b126c0775ed4604ca8f56c3540f5c21a1220639f299e7a544b55f9",
                "sha256:21812453354b151200034750cd30b0140e82ec2a01fd4357390f67714a1bfbde",
                "sha256:256c503a75bd71cf7fb9ebf889e7e222d49c6036a48aad5a619f98a0adf0e0d7",
                "sha256:2703a9f8f5767986b4f51c259ff452cc837c5a83c8ed5f5361f6e49933743b2f",
                "sha256:288c21ab9531b037f7efa4e467b33176bc73a0c27223c141b822ab4a0e66ff2a",
                "sha256:2972dd1f1285866aba027eff2f4a2bbf8aa98563c2ced14cb34ee5602b36afdf",
                "sha256:2973f113e079fb98515722cd728e1820282721ec9fd52830e4b73cabdbf1eb28",
                "sha256:2ca0ba501898b2ec31e6c3acf90c31910944f01d454ad8e489213a156ccf1bda",
                "sha256:2d2be5c9c3488fa8a70f83ed925940f488eac2837a996708d98a0e54a861f212",
                "sha256:2f8c04277d879146eacda920476e93d520eff8bec6c022ac108cfa6280d84348",
                "sha256:325701ae7b56daa5b0692305b7cb505ca50f80a1288abb32ff420a8a209b01ca",
                "sha256:3729b8db02063da50eeb3db88a27670d85953afb9a7f14c213ac9e3dca93034b",
                "sha256:3919708594b86d0f5cdc713eb6fccd3f9b9532af09ea7a5d843c933825ef56c4",
                "sha256:39a1cd5d383b37285641d5a7a86be85274466ae336a61b51117155936529f9b3",
                "sha256:3ec6c20385c5a58e16b1ea60c5e4993ea060540671d7d12664f385f2fb32fe79",
                "sha256:47aa128be2e66abd9d1a9b0437c62499d812d291f17b55185cb4aa33a5f710a4",
                "sha256:49f2af6cf82509b15093ce3569229e0d53c90ad8ae2eef940652d4cf1f81e045",
                "sha256:4a0269811661ba93c472c8a60ea82640e838c2eb148d252720a09b5123f2c2fe",
                "sha256:518c90bdd6e842c446d01a766b9136fec5ec6cc94f3b8c3f8b4a332786ee6b64",
                "sha256:5717a308a703dda2886a5796a07489c698b442f5e409cf7dc2ac93de8d61d764",
                "sha256:5802acc012bbb4bce4dff92973dff76482f30ef35dd4cb8ab5b0e06aa8f08c80",
                "sha256:5e63146dbdb1eac207464f6e0cfcdb640c9c5ff0f57b754fa96fe252314a1dc6",
                "sha256:6695d7136a435c1305b261a9ddb9b3ecec9863e05aab3935b96038145fd3a977",
                "sha256:680fa0fc719e1a3dcb81130858368f51d83667d431924d0bcf249644bce8f303",
                "sha256:6b18276f14b4b6d92e707ab6db19b938e112bd2f1dc3f9f1a628df58e4fd3f0d",
                "sha256:6bafea6061d63059d8bc2ffc545e2f049221c8a4457d236c5cd6a66678673eab",
                "sha256:6d6a1b1361f118e7fefa17ae3114e77f10ee1b228b20d50c47c9f351346180c8",
                "sha256:747c84f4e690fbe6999c90ac97246c95d31460d890510e4a3fa61b7d2b87aa34",
                "sha256:79f41576b3022c2fe9780ae3e44202b2438128a25284a8ddfa038f0785d87019",
                "sha256:7b0e6361754ac596cd16bfc6ed49f69ffcd9b60b7bc4bcd3ea65c6a83475e4ff",
                "sha256:7e3b0127b260d4abae7b62203c4c7ef0874c901b55155692353db19de4b18bc4",
                "sha256:7fc2bb8a74dcfcdd32f89528e38dcbf70a3a6594963d60dc9595e3b35b66e414",
                "sha256:806e094e9e85d8badc978af8c95b69c556077f11844655cb8cd2d1758769e521",
                "sha256:81dd1308bd5630d2bb5980f00aa163b986b133f1e9ed66c66ce2a5bc3572e891",
                "sha256:82e620842e12e8cb4050d2643a81c8149361cd82c0a920fa5a15dc4ca8a4000f",
                "sha256:85f2cdc400ee87f5952ebf2a117488f2525a3fb2e23863a8efe3e4ee9e54e4d1",
                "sha256:8ab6bcc8e424e07c1d4ba6df96f7fb963bcb48f590b9456de9ebd03b88084fe8",
                "sha256:8adf014f2779992eba3b513e060d06f075f0ab2fb3ad956f413a102312f65cdf",
                "sha256:9b0f98481ad5dc4cb430a60bbb8869f05505283b9ae1c62bdb65eb5e020ee8e3",
                "sha256:9bea9138b0fc6e2218147e9c6ce1ff76ff8e29dc00bb1b64842bd1ca107aee9f",
                "sha256:a09bfb51953930e7e838972ddf646c5d5f984992a66d79da6ba7f6a8d8a890cd",
                "sha256:a0be99b599da95b7a90a918dd927b20c434bea5e1c9b3efc6a3c6cd67c23f813",
                "sha256:a49aca4d961823b2846b739380c847e8964ff7ae0f0a683992b9d926054f0d6d",
                "sha256:a4dc1319d0c162919ee7f4ee6face076becae2abbd351cc14f1fe70af5fb20d9",
                "sha256:a8273e1abbcff1d7d29cbbb1ea7e57d38be72f1af3c597c854168508b91516c2",
                "sha256:a8f7f9feecae53fa18d6a3ea7c75f9e9a1d4d20e5c3f9ce3fba83f07bcc4eee2",
                "sha256:ad4f66fbb893b55f96f03020e67dcab49ffde0177c6565ccf9dec4fdf974eb61",
                "sha256:af425f323fce1b07755edd783581e7283557296946212f5b1a934441718e7528",
                "sha256:b14dd73f595199f4275bed4fb509277470d9b9059310537e3b3daba12b30c157",
                "sha256:b4ad70d7cac4ca0c7b31444a0148bd3af01a2662fa12b1ad6f57cd4a04e21766",
                "sha256:b80a4ee19b3442c57c38afa978adca546521a8822d663310b63ae2a7d7b13f3a",
                "sha256:ba51129fcc510824b6ca6e2ce1c27e3e4d048b6e35d3ae6f7e517bed1b8b25ce",
                "sha256:c011bd5ad03cc096f99ffcfdd18a1817354132c1331bed7a837a25226659845f",
                "sha256:cc94f9fea17a5af8cf1a343597711a26b0117c0b812550d99934acb89d526ed2",
                "sha256:ccd785fafa1c931deff6a7116e9a0d402d59fabe51644b0d0c268295ff847b25",
                "sha256:d16a534da0e39785687b7295e2fcf9a339f4a20689024983d11afaa4657f8507",
                "sha256:d3077a31633beef77d057c6523f5de7271ddef7bde5e019285b00c0cc9cac1e3",
                "sha256:d603edea1ff7408638b2504905c032193b7dcee7af269802dbb35bc8c3310ed5",
                "sha256:db082f728160369d9a6ed2e722438291558fc15ce06d0a7d696a8dad735c236b",
                "sha256:ddef295aaf80cefb0c1606f1995899efcb17edc6b327eb6589e234e614b87756",
                "sha256:e16ade71c93f6814d095d25cd6d28a90d63511ea396bd96e9ffcb886b278baaa",
                "sha256:e24025625bad66895b1bc3ae1647f48f0a92dd014108fb1be404c77f0b69ca67",
                "sha256:e3db7d833a7c38c317dc95b54e27f1d27012e031b45a7c24e360b53197d5f6e7",
                "sha256:e5e193f89f4f8c1fe273f9a6e6df915092c9f2af6db2d1afb8bd53855025c11f",
                "sha256:eb438a8bf6b695bf50d57e6a059ff09652a07968b2041178b3744ea785fcef9b",
                "sha256:ebf02c32afa6b67e5861a27183dd98ed88419a94a2ab843cc145fb0bafcc5b28",
                "sha256:ecd9e1fa97aa11bf67472220285775fa15e896da108f425e55d23d7540a712ce",
                "sha256:ef67fedd863ffffd4adfd46d9d992b0f929c7f61a8307366d664d93517f2c78e",
                "sha256:f28ae33dc5a0b9cee06e95fd420e42155d83271ab75964baf747ce959cac5f52",
                "sha256:fb1c56d891f9e34303c451998ef62ba52659648bb0d75b03c5e4ac223a3342c2",
                "sha256:fe03bf25fae4b95d8afe40004a321df644400fdcba4c8e5e1a19c1085b740888"
            ],
            "index": "pypi",
            "markers": "python_version >= '3.7'",
            "version": "==4.6.0"
        },
        "pytest": {
            "hashes": [
                "sha256:539c70ba6fcead8e78eebbf1115e8b589e7565830d7d006a8723f19ac8a0afb7",
                "sha256:7c67fd69174877359ed9371ec3af8a3d2b04741818c51e5e99cc1742251fa93c"
            ],
            "index": "pypi",
            "markers": "python_version >= '3.9'",
            "version": "==8.4.1"
        },
        "pytest-asyncio": {
            "hashes": [
                "sha256:5fe2d69607b0bd75c656d1211f969cadba035030156745ee09e7d71740e58ecf",
                "sha256:796aa822981e01b68c12e4827b8697108f7205020f24b5793b3c41555dab68ea"
            ],
            "index": "pypi",
            "markers": "python_version >= '3.9'",
            "version": "==1.1.0"
        },
        "python-dotenv": {
            "hashes": [
                "sha256:31f23644fe2602f88ff55e1f5c79ba497e01224ee7737937930c448e4d0e24dc",
                "sha256:a8a6399716257f45be6a007360200409fce5cda2661e3dec71d23dc15f6189ab"
            ],
            "index": "pypi",
            "markers": "python_version >= '3.9'",
            "version": "==1.1.1"
        },
        "sniffio": {
            "hashes": [
                "sha256:2f6da418d1f1e0fddd844478f41680e794e6051915791a034ff65e5f100525a2",
                "sha256:f4324edc670a0f49750a81b895f35c3adb843cca46f0530f79fc1babb23789dc"
            ],
            "markers": "python_version >= '3.7'",
            "version": "==1.3.1"
        },
        "starlette": {
            "hashes": [
                "sha256:6ae9aa5db235e4846decc1e7b79c4f346adf41e9777aebeb49dfd09bbd7023d8",
                "sha256:c5847e96134e5c5371ee9fac6fdf1a67336d5815e09eb2a01fdb57a351ef915b"
            ],
            "index": "pypi",
            "markers": "python_version >= '3.9'",
            "version": "==0.47.2"
        },
        "typing-extensions": {
            "hashes": [
                "sha256:38b39f4aeeab64884ce9f74c94263ef78f3c22467c8724005483154c26648d36",
                "sha256:d1e1e3b58374dc93031d6eda2420a48ea44a36c2b4766a4fdeb3710755731d76"
            ],
            "index": "pypi",
            "markers": "python_version >= '3.9'",
            "version": "==4.14.1"
        },
        "typing-inspection": {
            "hashes": [
                "sha256:389055682238f53b04f7badcb49b989835495a96700ced5dab2d8feae4b26f51",
                "sha256:6ae134cc0203c33377d43188d4064e9b357dba58cff3185f22924610e70a9d28"
            ],
            "markers": "python_version >= '3.9'",
            "version": "==0.4.1"
        },
        "uvicorn": {
            "hashes": [
                "sha256:197535216b25ff9b785e29a0b79199f55222193d47f820816e7da751e9bc8d4a",
                "sha256:bc662f087f7cf2ce11a1d7fd70b90c9f98ef2e2831556dd078d131b96cc94a01"
            ],
            "index": "pypi",
            "markers": "python_version >= '3.9'",
            "version": "==0.35.0"
        }
    },
    "develop": {
        "black": {
            "hashes": [
                "sha256:030b9759066a4ee5e5aca28c3c77f9c64789cdd4de8ac1df642c40b708be6171",
                "sha256:055e59b198df7ac0b7efca5ad7ff2516bca343276c466be72eb04a3bcc1f82d7",
                "sha256:0e519ecf93120f34243e6b0054db49c00a35f84f195d5bce7e9f5cfc578fc2da",
                "sha256:172b1dbff09f86ce6f4eb8edf9dede08b1fce58ba194c87d7a4f1a5aa2f5b3c2",
                "sha256:1e2978f6df243b155ef5fa7e558a43037c3079093ed5d10fd84c43900f2d8ecc",
                "sha256:33496d5cd1222ad73391352b4ae8da15253c5de89b93a80b3e2c8d9a19ec2666",
                "sha256:3b48735872ec535027d979e8dcb20bf4f70b5ac75a8ea99f127c106a7d7aba9f",
                "sha256:4b60580e829091e6f9238c848ea6750efed72140b91b048770b64e74fe04908b",
                "sha256:759e7ec1e050a15f89b770cefbf91ebee8917aac5c20483bc2d80a6c3a04df32",
                "sha256:8f0b18a02996a836cc9c9c78e5babec10930862827b1b724ddfe98ccf2f2fe4f",
                "sha256:95e8176dae143ba9097f351d174fdaf0ccd29efb414b362ae3fd72bf0f710717",
                "sha256:96c1c7cd856bba8e20094e36e0f948718dc688dba4a9d78c3adde52b9e6c2299",
                "sha256:a1ee0a0c330f7b5130ce0caed9936a904793576ef4d2b98c40835d6a65afa6a0",
                "sha256:a22f402b410566e2d1c950708c77ebf5ebd5d0d88a6a2e87c86d9fb48afa0d18",
                "sha256:a39337598244de4bae26475f77dda852ea00a93bd4c728e09eacd827ec929df0",
                "sha256:afebb7098bfbc70037a053b91ae8437c3857482d3a690fefc03e9ff7aa9a5fd3",
                "sha256:bacabb307dca5ebaf9c118d2d2f6903da0d62c9faa82bd21a33eecc319559355",
                "sha256:bce2e264d59c91e52d8000d507eb20a9aca4a778731a08cfff7e5ac4a4bb7096",
                "sha256:d9e6827d563a2c820772b32ce8a42828dc6790f095f441beef18f96aa6f8294e",
                "sha256:db8ea9917d6f8fc62abd90d944920d95e73c83a5ee3383493e35d271aca872e9",
                "sha256:ea0213189960bda9cf99be5b8c8ce66bb054af5e9e861249cd23471bd7b0b3ba",
                "sha256:f3df5f1bf91d36002b0a75389ca8663510cf0531cca8aa5c1ef695b46d98655f"
            ],
            "index": "pypi",
            "markers": "python_version >= '3.9'",
            "version": "==25.1.0"
        },
        "click": {
            "hashes": [
                "sha256:27c491cc05d968d271d5a1db13e3b5a184636d9d930f148c50b038f0d0646202",
                "sha256:61a3265b914e850b85317d0b3109c7f8cd35a670f963866005d6ef1d5175a12b"
            ],
            "markers": "python_version >= '3.10'",
            "version": "==8.2.1"
        },
        "flake8": {
            "hashes": [
                "sha256:b9696257b9ce8beb888cdbe31cf885c90d31928fe202be0889a7cdafad32f01e",
                "sha256:fe044858146b9fc69b551a4b490d69cf960fcb78ad1edcb84e7fbb1b4a8e3872"
            ],
            "index": "pypi",
            "markers": "python_version >= '3.9'",
            "version": "==7.3.0"
        },
        "mccabe": {
            "hashes": [
                "sha256:348e0240c33b60bbdf4e523192ef919f28cb2c3d7d5c7794f74009290f236325",
                "sha256:6c2d30ab6be0e4a46919781807b4f0d834ebdd6c6e3dca0bda5a15f863427b6e"
            ],
            "markers": "python_version >= '3.6'",
            "version": "==0.7.0"
        },
        "mypy-extensions": {
            "hashes": [
                "sha256:1be4cccdb0f2482337c4743e60421de3a356cd97508abadd57d47403e94f5505",
                "sha256:52e68efc3284861e772bbcd66823fde5ae21fd2fdb51c62a211403730b916558"
            ],
            "markers": "python_version >= '3.8'",
            "version": "==1.1.0"
        },
        "packaging": {
            "hashes": [
                "sha256:29572ef2b1f17581046b3a2227d5c611fb25ec70ca1ba8554b24b0e69331a484",
                "sha256:d443872c98d677bf60f6a1f2f8c1cb748e8fe762d2bf9d3148b5599295b0fc4f"
            ],
            "markers": "python_version >= '3.8'",
            "version": "==25.0"
        },
        "pathspec": {
            "hashes": [
                "sha256:a0d503e138a4c123b27490a4f7beda6a01c6f288df0e4a8b79c7eb0dc7b4cc08",
                "sha256:a482d51503a1ab33b1c67a6c3813a26953dbdc71c31dacaef9a838c4e29f5712"
            ],
            "markers": "python_version >= '3.8'",
            "version": "==0.12.1"
        },
        "platformdirs": {
            "hashes": [
                "sha256:3d512d96e16bcb959a814c9f348431070822a6496326a4be0911c40b5a74c2bc",
                "sha256:ff7059bb7eb1179e2685604f4aaf157cfd9535242bd23742eadc3c13542139b4"
            ],
            "markers": "python_version >= '3.9'",
            "version": "==4.3.8"
        },
        "pycodestyle": {
            "hashes": [
                "sha256:c4b5b517d278089ff9d0abdec919cd97262a3367449ea1c8b49b91529167b783",
                "sha256:dd6bf7cb4ee77f8e016f9c8e74a35ddd9f67e1d5fd4184d86c3b98e07099f42d"
            ],
            "markers": "python_version >= '3.9'",
            "version": "==2.14.0"
        },
        "pyflakes": {
            "hashes": [
                "sha256:b24f96fafb7d2ab0ec5075b7350b3d2d2218eab42003821c06344973d3ea2f58",
                "sha256:f742a7dbd0d9cb9ea41e9a24a918996e8170c799fa528688d40dd582c8265f4f"
            ],
            "markers": "python_version >= '3.9'",
            "version": "==3.4.0"
        }
    }
}
